
Microsoft Visual Studio Solution File, Format Version 12.00
# Visual Studio Version 17
VisualStudioVersion = 17.12.35521.163
MinimumVisualStudioVersion = 10.0.40219.1
Project("{FAE04EC0-301F-11D3-BF4B-00C04F79EFBC}") = "Saga.Contracts", "Saga.Contracts\Saga.Contracts.csproj", "{7BFC06DB-EB3B-4A94-BE35-59D586E03D62}"
EndProject
Project("{FAE04EC0-301F-11D3-BF4B-00C04F79EFBC}") = "Saga.Payment.Service", "Saga.Payment.Service\Saga.Payment.Service.csproj", "{907C756B-BDBD-4AF8-9418-1D0CEE5CACD7}"
EndProject
Project("{2150E333-8FDC-42A3-9474-1A3956D46DE8}") = "SolutionItems", "SolutionItems", "{FA22D6CF-C3A4-4489-A09A-C93D985FD3BF}"
	ProjectSection(SolutionItems) = preProject
		DockerCommands.bat = DockerCommands.bat
	EndProjectSection
EndProject
Project("{FAE04EC0-301F-11D3-BF4B-00C04F79EFBC}") = "Saga.Order.Service", "Saga.Order.Service\Saga.Order.Service.csproj", "{6C9265DA-7A07-4F5B-AAA9-E513F8D79DD4}"
EndProject
Project("{FAE04EC0-301F-11D3-BF4B-00C04F79EFBC}") = "Saga.StateMachine.Orchestrator", "Saga.StateMachine.Orchestrator\Saga.StateMachine.Orchestrator.csproj", "{7271E83D-4B46-4C4D-9CBE-818916261BE4}"
EndProject
Global
	GlobalSection(SolutionConfigurationPlatforms) = preSolution
		Debug|Any CPU = Debug|Any CPU
		Release|Any CPU = Release|Any CPU
	EndGlobalSection
	GlobalSection(ProjectConfigurationPlatforms) = postSolution
		{7BFC06DB-EB3B-4A94-BE35-59D586E03D62}.Debug|Any CPU.ActiveCfg = Debug|Any CPU
		{7BFC06DB-EB3B-4A94-BE35-59D586E03D62}.Debug|Any CPU.Build.0 = Debug|Any CPU
		{7BFC06DB-EB3B-4A94-BE35-59D586E03D62}.Release|Any CPU.ActiveCfg = Release|Any CPU
		{7BFC06DB-EB3B-4A94-BE35-59D586E03D62}.Release|Any CPU.Build.0 = Release|Any CPU
		{907C756B-BDBD-4AF8-9418-1D0CEE5CACD7}.Debug|Any CPU.ActiveCfg = Debug|Any CPU
		{907C756B-BDBD-4AF8-9418-1D0CEE5CACD7}.Debug|Any CPU.Build.0 = Debug|Any CPU
		{907C756B-BDBD-4AF8-9418-1D0CEE5CACD7}.Release|Any CPU.ActiveCfg = Release|Any CPU
		{907C756B-BDBD-4AF8-9418-1D0CEE5CACD7}.Release|Any CPU.Build.0 = Release|Any CPU
		{6C9265DA-7A07-4F5B-AAA9-E513F8D79DD4}.Debug|Any CPU.ActiveCfg = Debug|Any CPU
		{6C9265DA-7A07-4F5B-AAA9-E513F8D79DD4}.Debug|Any CPU.Build.0 = Debug|Any CPU
		{6C9265DA-7A07-4F5B-AAA9-E513F8D79DD4}.Release|Any CPU.ActiveCfg = Release|Any CPU
		{6C9265DA-7A07-4F5B-AAA9-E513F8D79DD4}.Release|Any CPU.Build.0 = Release|Any CPU
		{7271E83D-4B46-4C4D-9CBE-818916261BE4}.Debug|Any CPU.ActiveCfg = Debug|Any CPU
		{7271E83D-4B46-4C4D-9CBE-818916261BE4}.Debug|Any CPU.Build.0 = Debug|Any CPU
		{7271E83D-4B46-4C4D-9CBE-818916261BE4}.Release|Any CPU.ActiveCfg = Release|Any CPU
		{7271E83D-4B46-4C4D-9CBE-818916261BE4}.Release|Any CPU.Build.0 = Release|Any CPU
	EndGlobalSection
	GlobalSection(SolutionProperties) = preSolution
		HideSolutionNode = FALSE
	EndGlobalSection
EndGlobal
